// !$*UTF8*$!
{
	archiveVersion = 1;
	classes = {
	};
	objectVersion = 46;
	objects = {

/* Begin PBXBuildFile section */
		633DBB5D1E5AE68A00F0B9AC /* blackHeart.png in Resources */ = {isa = PBXBuildFile; fileRef = 633DBB5B1E5AE68A00F0B9AC /* blackHeart.png */; };
		633DBB5E1E5AE68A00F0B9AC /* redHeart.png in Resources */ = {isa = PBXBuildFile; fileRef = 633DBB5C1E5AE68A00F0B9AC /* redHeart.png */; };
		633DBB601E5B265B00F0B9AC /* StringExtension.swift in Sources */ = {isa = PBXBuildFile; fileRef = 633DBB5F1E5B265B00F0B9AC /* StringExtension.swift */; };
		633DBB661E5B31F500F0B9AC /* TabBarController.swift in Sources */ = {isa = PBXBuildFile; fileRef = 633DBB651E5B31F500F0B9AC /* TabBarController.swift */; };
		633DBB681E5B407300F0B9AC /* CheckReachability.swift in Sources */ = {isa = PBXBuildFile; fileRef = 633DBB671E5B407300F0B9AC /* CheckReachability.swift */; };
		633DBB6A1E5B474500F0B9AC /* noInternet.png in Resources */ = {isa = PBXBuildFile; fileRef = 633DBB691E5B474500F0B9AC /* noInternet.png */; };
		635786B21E54439800306B0A /* TimeLineViewController.swift in Sources */ = {isa = PBXBuildFile; fileRef = 635786B11E54439800306B0A /* TimeLineViewController.swift */; };
		635786B51E54448100306B0A /* PictureCollectionViewCell.swift in Sources */ = {isa = PBXBuildFile; fileRef = 635786B31E54448100306B0A /* PictureCollectionViewCell.swift */; };
		635786B61E54448100306B0A /* PictureCollectionViewCell.xib in Resources */ = {isa = PBXBuildFile; fileRef = 635786B41E54448100306B0A /* PictureCollectionViewCell.xib */; };
		635786BB1E598D0F00306B0A /* PictureDetailCollectionViewCell.swift in Sources */ = {isa = PBXBuildFile; fileRef = 635786B91E598D0F00306B0A /* PictureDetailCollectionViewCell.swift */; };
		635786BC1E598D0F00306B0A /* PictureDetailCollectionViewCell.xib in Resources */ = {isa = PBXBuildFile; fileRef = 635786BA1E598D0F00306B0A /* PictureDetailCollectionViewCell.xib */; };
		635786BE1E598F0100306B0A /* person_blue.png in Resources */ = {isa = PBXBuildFile; fileRef = 635786BD1E598F0100306B0A /* person_blue.png */; };
		635786C01E59902A00306B0A /* PostModel.swift in Sources */ = {isa = PBXBuildFile; fileRef = 635786BF1E59902A00306B0A /* PostModel.swift */; };
		635786C21E5992C400306B0A /* AccountRegisterViewController.swift in Sources */ = {isa = PBXBuildFile; fileRef = 635786C11E5992C400306B0A /* AccountRegisterViewController.swift */; };
		635786C41E5993F000306B0A /* UserModel.swift in Sources */ = {isa = PBXBuildFile; fileRef = 635786C31E5993F000306B0A /* UserModel.swift */; };
		6376CF251E5BF104005E8F61 /* GoogleService-Info.plist in Resources */ = {isa = PBXBuildFile; fileRef = 6376CF241E5BF104005E8F61 /* GoogleService-Info.plist */; };
		63CD09CF1E59AC5E0069C9B6 /* LoginViewController.swift in Sources */ = {isa = PBXBuildFile; fileRef = 63CD09CE1E59AC5E0069C9B6 /* LoginViewController.swift */; };
		63CD09D11E59CA8B0069C9B6 /* UserDelegate.swift in Sources */ = {isa = PBXBuildFile; fileRef = 63CD09D01E59CA8B0069C9B6 /* UserDelegate.swift */; };
		63CD30E21E20A1A700D68E85 /* AppDelegate.swift in Sources */ = {isa = PBXBuildFile; fileRef = 63CD30E11E20A1A700D68E85 /* AppDelegate.swift */; };
		63CD30E41E20A1A700D68E85 /* ViewController.swift in Sources */ = {isa = PBXBuildFile; fileRef = 63CD30E31E20A1A700D68E85 /* ViewController.swift */; };
		63CD30E71E20A1A700D68E85 /* Main.storyboard in Resources */ = {isa = PBXBuildFile; fileRef = 63CD30E51E20A1A700D68E85 /* Main.storyboard */; };
		63CD30E91E20A1A700D68E85 /* Assets.xcassets in Resources */ = {isa = PBXBuildFile; fileRef = 63CD30E81E20A1A700D68E85 /* Assets.xcassets */; };
		63CD30EC1E20A1A700D68E85 /* LaunchScreen.storyboard in Resources */ = {isa = PBXBuildFile; fileRef = 63CD30EA1E20A1A700D68E85 /* LaunchScreen.storyboard */; };
		63CD30F61E20B53E00D68E85 /* sample2.jpg in Resources */ = {isa = PBXBuildFile; fileRef = 63CD30F51E20B53E00D68E85 /* sample2.jpg */; };
		63CD30F91E21095800D68E85 /* FontSampleCollectionViewCell.swift in Sources */ = {isa = PBXBuildFile; fileRef = 63CD30F71E21095800D68E85 /* FontSampleCollectionViewCell.swift */; };
		63CD30FA1E21095800D68E85 /* FontSampleCollectionViewCell.xib in Resources */ = {isa = PBXBuildFile; fileRef = 63CD30F81E21095800D68E85 /* FontSampleCollectionViewCell.xib */; };
		63CD31041E215D6F00D68E85 /* TokyoLogo1.png in Resources */ = {isa = PBXBuildFile; fileRef = 63CD31031E215D6E00D68E85 /* TokyoLogo1.png */; };
		63CD31211E21621400D68E85 /* Contents.json in Resources */ = {isa = PBXBuildFile; fileRef = 63CD31071E21621400D68E85 /* Contents.json */; };
		63CD31221E21621400D68E85 /* Icon-App-20x20@1x.png in Resources */ = {isa = PBXBuildFile; fileRef = 63CD31081E21621400D68E85 /* Icon-App-20x20@1x.png */; };
		63CD31231E21621400D68E85 /* Icon-App-20x20@2x.png in Resources */ = {isa = PBXBuildFile; fileRef = 63CD31091E21621400D68E85 /* Icon-App-20x20@2x.png */; };
		63CD31241E21621400D68E85 /* Icon-App-20x20@3x.png in Resources */ = {isa = PBXBuildFile; fileRef = 63CD310A1E21621400D68E85 /* Icon-App-20x20@3x.png */; };
		63CD31251E21621400D68E85 /* Icon-App-29x29@1x.png in Resources */ = {isa = PBXBuildFile; fileRef = 63CD310B1E21621400D68E85 /* Icon-App-29x29@1x.png */; };
		63CD31261E21621400D68E85 /* Icon-App-29x29@2x.png in Resources */ = {isa = PBXBuildFile; fileRef = 63CD310C1E21621400D68E85 /* Icon-App-29x29@2x.png */; };
		63CD31271E21621400D68E85 /* Icon-App-29x29@3x.png in Resources */ = {isa = PBXBuildFile; fileRef = 63CD310D1E21621400D68E85 /* Icon-App-29x29@3x.png */; };
		63CD31281E21621400D68E85 /* Icon-App-40x40@1x.png in Resources */ = {isa = PBXBuildFile; fileRef = 63CD310E1E21621400D68E85 /* Icon-App-40x40@1x.png */; };
		63CD31291E21621400D68E85 /* Icon-App-40x40@2x.png in Resources */ = {isa = PBXBuildFile; fileRef = 63CD310F1E21621400D68E85 /* Icon-App-40x40@2x.png */; };
		63CD312A1E21621400D68E85 /* Icon-App-40x40@3x.png in Resources */ = {isa = PBXBuildFile; fileRef = 63CD31101E21621400D68E85 /* Icon-App-40x40@3x.png */; };
		63CD312B1E21621400D68E85 /* Icon-App-57x57@1x.png in Resources */ = {isa = PBXBuildFile; fileRef = 63CD31111E21621400D68E85 /* Icon-App-57x57@1x.png */; };
		63CD312C1E21621400D68E85 /* Icon-App-57x57@2x.png in Resources */ = {isa = PBXBuildFile; fileRef = 63CD31121E21621400D68E85 /* Icon-App-57x57@2x.png */; };
		63CD312D1E21621400D68E85 /* Icon-App-60x60@1x.png in Resources */ = {isa = PBXBuildFile; fileRef = 63CD31131E21621400D68E85 /* Icon-App-60x60@1x.png */; };
		63CD312E1E21621400D68E85 /* Icon-App-60x60@2x.png in Resources */ = {isa = PBXBuildFile; fileRef = 63CD31141E21621400D68E85 /* Icon-App-60x60@2x.png */; };
		63CD312F1E21621400D68E85 /* Icon-App-60x60@3x.png in Resources */ = {isa = PBXBuildFile; fileRef = 63CD31151E21621400D68E85 /* Icon-App-60x60@3x.png */; };
		63CD31301E21621400D68E85 /* Icon-App-72x72@1x.png in Resources */ = {isa = PBXBuildFile; fileRef = 63CD31161E21621400D68E85 /* Icon-App-72x72@1x.png */; };
		63CD31311E21621400D68E85 /* Icon-App-72x72@2x.png in Resources */ = {isa = PBXBuildFile; fileRef = 63CD31171E21621400D68E85 /* Icon-App-72x72@2x.png */; };
		63CD31321E21621400D68E85 /* Icon-App-76x76@1x.png in Resources */ = {isa = PBXBuildFile; fileRef = 63CD31181E21621400D68E85 /* Icon-App-76x76@1x.png */; };
		63CD31331E21621400D68E85 /* Icon-App-76x76@2x.png in Resources */ = {isa = PBXBuildFile; fileRef = 63CD31191E21621400D68E85 /* Icon-App-76x76@2x.png */; };
		63CD31341E21621400D68E85 /* Icon-App-76x76@3x.png in Resources */ = {isa = PBXBuildFile; fileRef = 63CD311A1E21621400D68E85 /* Icon-App-76x76@3x.png */; };
		63CD31351E21621400D68E85 /* Icon-App-83.5x83.5@2x.png in Resources */ = {isa = PBXBuildFile; fileRef = 63CD311B1E21621400D68E85 /* Icon-App-83.5x83.5@2x.png */; };
		63CD31361E21621400D68E85 /* Icon-Small-50x50@1x.png in Resources */ = {isa = PBXBuildFile; fileRef = 63CD311C1E21621400D68E85 /* Icon-Small-50x50@1x.png */; };
		63CD31371E21621400D68E85 /* Icon-Small-50x50@2x.png in Resources */ = {isa = PBXBuildFile; fileRef = 63CD311D1E21621400D68E85 /* Icon-Small-50x50@2x.png */; };
		63CD31381E21621400D68E85 /* iTunesArtwork@1x.png in Resources */ = {isa = PBXBuildFile; fileRef = 63CD311E1E21621400D68E85 /* iTunesArtwork@1x.png */; };
		63CD31391E21621400D68E85 /* iTunesArtwork@2x.png in Resources */ = {isa = PBXBuildFile; fileRef = 63CD311F1E21621400D68E85 /* iTunesArtwork@2x.png */; };
		63CD313A1E21621400D68E85 /* iTunesArtwork@3x.png in Resources */ = {isa = PBXBuildFile; fileRef = 63CD31201E21621400D68E85 /* iTunesArtwork@3x.png */; };
		63EA5C521E285A9100681DAE /* InfoViewController.swift in Sources */ = {isa = PBXBuildFile; fileRef = 63EA5C511E285A9100681DAE /* InfoViewController.swift */; };
		63EA5C541E286EE500681DAE /* FontRequestViewController.swift in Sources */ = {isa = PBXBuildFile; fileRef = 63EA5C531E286EE500681DAE /* FontRequestViewController.swift */; };
		899D6A112804C7C9CF38B62E /* Pods_TOKYO.framework in Frameworks */ = {isa = PBXBuildFile; fileRef = 1BA0783DA674BE1CB30D4E41 /* Pods_TOKYO.framework */; };
/* End PBXBuildFile section */

/* Begin PBXFileReference section */
		1BA0783DA674BE1CB30D4E41 /* Pods_TOKYO.framework */ = {isa = PBXFileReference; explicitFileType = wrapper.framework; includeInIndex = 0; path = Pods_TOKYO.framework; sourceTree = BUILT_PRODUCTS_DIR; };
		1CEACA8E796D915DEA6D842D /* Pods-TOKYO.release.xcconfig */ = {isa = PBXFileReference; includeInIndex = 1; lastKnownFileType = text.xcconfig; name = "Pods-TOKYO.release.xcconfig"; path = "Pods/Target Support Files/Pods-TOKYO/Pods-TOKYO.release.xcconfig"; sourceTree = "<group>"; };
		534E49F6D13585AA8FFED6C1 /* Pods-TOKYO.debug.xcconfig */ = {isa = PBXFileReference; includeInIndex = 1; lastKnownFileType = text.xcconfig; name = "Pods-TOKYO.debug.xcconfig"; path = "Pods/Target Support Files/Pods-TOKYO/Pods-TOKYO.debug.xcconfig"; sourceTree = "<group>"; };
		633DBB5B1E5AE68A00F0B9AC /* blackHeart.png */ = {isa = PBXFileReference; lastKnownFileType = image.png; path = blackHeart.png; sourceTree = "<group>"; };
		633DBB5C1E5AE68A00F0B9AC /* redHeart.png */ = {isa = PBXFileReference; lastKnownFileType = image.png; path = redHeart.png; sourceTree = "<group>"; };
		633DBB5F1E5B265B00F0B9AC /* StringExtension.swift */ = {isa = PBXFileReference; fileEncoding = 4; lastKnownFileType = sourcecode.swift; path = StringExtension.swift; sourceTree = "<group>"; };
		633DBB651E5B31F500F0B9AC /* TabBarController.swift */ = {isa = PBXFileReference; fileEncoding = 4; lastKnownFileType = sourcecode.swift; path = TabBarController.swift; sourceTree = "<group>"; };
		633DBB671E5B407300F0B9AC /* CheckReachability.swift */ = {isa = PBXFileReference; fileEncoding = 4; lastKnownFileType = sourcecode.swift; path = CheckReachability.swift; sourceTree = "<group>"; };
		633DBB691E5B474500F0B9AC /* noInternet.png */ = {isa = PBXFileReference; lastKnownFileType = image.png; path = noInternet.png; sourceTree = "<group>"; };
		635786B11E54439800306B0A /* TimeLineViewController.swift */ = {isa = PBXFileReference; fileEncoding = 4; lastKnownFileType = sourcecode.swift; path = TimeLineViewController.swift; sourceTree = "<group>"; };
		635786B31E54448100306B0A /* PictureCollectionViewCell.swift */ = {isa = PBXFileReference; fileEncoding = 4; lastKnownFileType = sourcecode.swift; path = PictureCollectionViewCell.swift; sourceTree = "<group>"; };
		635786B41E54448100306B0A /* PictureCollectionViewCell.xib */ = {isa = PBXFileReference; fileEncoding = 4; lastKnownFileType = file.xib; path = PictureCollectionViewCell.xib; sourceTree = "<group>"; };
		635786B91E598D0F00306B0A /* PictureDetailCollectionViewCell.swift */ = {isa = PBXFileReference; fileEncoding = 4; lastKnownFileType = sourcecode.swift; path = PictureDetailCollectionViewCell.swift; sourceTree = "<group>"; };
		635786BA1E598D0F00306B0A /* PictureDetailCollectionViewCell.xib */ = {isa = PBXFileReference; fileEncoding = 4; lastKnownFileType = file.xib; path = PictureDetailCollectionViewCell.xib; sourceTree = "<group>"; };
		635786BD1E598F0100306B0A /* person_blue.png */ = {isa = PBXFileReference; lastKnownFileType = image.png; path = person_blue.png; sourceTree = "<group>"; };
		635786BF1E59902A00306B0A /* PostModel.swift */ = {isa = PBXFileReference; fileEncoding = 4; lastKnownFileType = sourcecode.swift; path = PostModel.swift; sourceTree = "<group>"; };
		635786C11E5992C400306B0A /* AccountRegisterViewController.swift */ = {isa = PBXFileReference; fileEncoding = 4; lastKnownFileType = sourcecode.swift; path = AccountRegisterViewController.swift; sourceTree = "<group>"; };
		635786C31E5993F000306B0A /* UserModel.swift */ = {isa = PBXFileReference; fileEncoding = 4; lastKnownFileType = sourcecode.swift; path = UserModel.swift; sourceTree = "<group>"; };
		6376CF231E5BE258005E8F61 /* TOKYO.entitlements */ = {isa = PBXFileReference; lastKnownFileType = text.plist.entitlements; path = TOKYO.entitlements; sourceTree = "<group>"; };
		6376CF241E5BF104005E8F61 /* GoogleService-Info.plist */ = {isa = PBXFileReference; fileEncoding = 4; lastKnownFileType = text.plist.xml; path = "GoogleService-Info.plist"; sourceTree = "<group>"; };
		63CD09CE1E59AC5E0069C9B6 /* LoginViewController.swift */ = {isa = PBXFileReference; fileEncoding = 4; lastKnownFileType = sourcecode.swift; path = LoginViewController.swift; sourceTree = "<group>"; };
		63CD09D01E59CA8B0069C9B6 /* UserDelegate.swift */ = {isa = PBXFileReference; fileEncoding = 4; lastKnownFileType = sourcecode.swift; path = UserDelegate.swift; sourceTree = "<group>"; };
		63CD30DE1E20A1A700D68E85 /* TOKYO.app */ = {isa = PBXFileReference; explicitFileType = wrapper.application; includeInIndex = 0; path = TOKYO.app; sourceTree = BUILT_PRODUCTS_DIR; };
		63CD30E11E20A1A700D68E85 /* AppDelegate.swift */ = {isa = PBXFileReference; lastKnownFileType = sourcecode.swift; path = AppDelegate.swift; sourceTree = "<group>"; };
		63CD30E31E20A1A700D68E85 /* ViewController.swift */ = {isa = PBXFileReference; lastKnownFileType = sourcecode.swift; path = ViewController.swift; sourceTree = "<group>"; };
		63CD30E61E20A1A700D68E85 /* Base */ = {isa = PBXFileReference; lastKnownFileType = file.storyboard; name = Base; path = Base.lproj/Main.storyboard; sourceTree = "<group>"; };
		63CD30E81E20A1A700D68E85 /* Assets.xcassets */ = {isa = PBXFileReference; lastKnownFileType = folder.assetcatalog; name = Assets.xcassets; path = ../Assets.xcassets; sourceTree = "<group>"; };
		63CD30EB1E20A1A700D68E85 /* Base */ = {isa = PBXFileReference; lastKnownFileType = file.storyboard; name = Base; path = Base.lproj/LaunchScreen.storyboard; sourceTree = "<group>"; };
		63CD30ED1E20A1A700D68E85 /* Info.plist */ = {isa = PBXFileReference; lastKnownFileType = text.plist.xml; path = Info.plist; sourceTree = "<group>"; };
		63CD30F51E20B53E00D68E85 /* sample2.jpg */ = {isa = PBXFileReference; lastKnownFileType = image.jpeg; path = sample2.jpg; sourceTree = "<group>"; };
		63CD30F71E21095800D68E85 /* FontSampleCollectionViewCell.swift */ = {isa = PBXFileReference; fileEncoding = 4; lastKnownFileType = sourcecode.swift; path = FontSampleCollectionViewCell.swift; sourceTree = "<group>"; };
		63CD30F81E21095800D68E85 /* FontSampleCollectionViewCell.xib */ = {isa = PBXFileReference; fileEncoding = 4; lastKnownFileType = file.xib; path = FontSampleCollectionViewCell.xib; sourceTree = "<group>"; };
		63CD31031E215D6E00D68E85 /* TokyoLogo1.png */ = {isa = PBXFileReference; lastKnownFileType = image.png; path = TokyoLogo1.png; sourceTree = "<group>"; };
		63CD31071E21621400D68E85 /* Contents.json */ = {isa = PBXFileReference; fileEncoding = 4; lastKnownFileType = text.json; path = Contents.json; sourceTree = "<group>"; };
		63CD31081E21621400D68E85 /* Icon-App-20x20@1x.png */ = {isa = PBXFileReference; lastKnownFileType = image.png; path = "Icon-App-20x20@1x.png"; sourceTree = "<group>"; };
		63CD31091E21621400D68E85 /* Icon-App-20x20@2x.png */ = {isa = PBXFileReference; lastKnownFileType = image.png; path = "Icon-App-20x20@2x.png"; sourceTree = "<group>"; };
		63CD310A1E21621400D68E85 /* Icon-App-20x20@3x.png */ = {isa = PBXFileReference; lastKnownFileType = image.png; path = "Icon-App-20x20@3x.png"; sourceTree = "<group>"; };
		63CD310B1E21621400D68E85 /* Icon-App-29x29@1x.png */ = {isa = PBXFileReference; lastKnownFileType = image.png; path = "Icon-App-29x29@1x.png"; sourceTree = "<group>"; };
		63CD310C1E21621400D68E85 /* Icon-App-29x29@2x.png */ = {isa = PBXFileReference; lastKnownFileType = image.png; path = "Icon-App-29x29@2x.png"; sourceTree = "<group>"; };
		63CD310D1E21621400D68E85 /* Icon-App-29x29@3x.png */ = {isa = PBXFileReference; lastKnownFileType = image.png; path = "Icon-App-29x29@3x.png"; sourceTree = "<group>"; };
		63CD310E1E21621400D68E85 /* Icon-App-40x40@1x.png */ = {isa = PBXFileReference; lastKnownFileType = image.png; path = "Icon-App-40x40@1x.png"; sourceTree = "<group>"; };
		63CD310F1E21621400D68E85 /* Icon-App-40x40@2x.png */ = {isa = PBXFileReference; lastKnownFileType = image.png; path = "Icon-App-40x40@2x.png"; sourceTree = "<group>"; };
		63CD31101E21621400D68E85 /* Icon-App-40x40@3x.png */ = {isa = PBXFileReference; lastKnownFileType = image.png; path = "Icon-App-40x40@3x.png"; sourceTree = "<group>"; };
		63CD31111E21621400D68E85 /* Icon-App-57x57@1x.png */ = {isa = PBXFileReference; lastKnownFileType = image.png; path = "Icon-App-57x57@1x.png"; sourceTree = "<group>"; };
		63CD31121E21621400D68E85 /* Icon-App-57x57@2x.png */ = {isa = PBXFileReference; lastKnownFileType = image.png; path = "Icon-App-57x57@2x.png"; sourceTree = "<group>"; };
		63CD31131E21621400D68E85 /* Icon-App-60x60@1x.png */ = {isa = PBXFileReference; lastKnownFileType = image.png; path = "Icon-App-60x60@1x.png"; sourceTree = "<group>"; };
		63CD31141E21621400D68E85 /* Icon-App-60x60@2x.png */ = {isa = PBXFileReference; lastKnownFileType = image.png; path = "Icon-App-60x60@2x.png"; sourceTree = "<group>"; };
		63CD31151E21621400D68E85 /* Icon-App-60x60@3x.png */ = {isa = PBXFileReference; lastKnownFileType = image.png; path = "Icon-App-60x60@3x.png"; sourceTree = "<group>"; };
		63CD31161E21621400D68E85 /* Icon-App-72x72@1x.png */ = {isa = PBXFileReference; lastKnownFileType = image.png; path = "Icon-App-72x72@1x.png"; sourceTree = "<group>"; };
		63CD31171E21621400D68E85 /* Icon-App-72x72@2x.png */ = {isa = PBXFileReference; lastKnownFileType = image.png; path = "Icon-App-72x72@2x.png"; sourceTree = "<group>"; };
		63CD31181E21621400D68E85 /* Icon-App-76x76@1x.png */ = {isa = PBXFileReference; lastKnownFileType = image.png; path = "Icon-App-76x76@1x.png"; sourceTree = "<group>"; };
		63CD31191E21621400D68E85 /* Icon-App-76x76@2x.png */ = {isa = PBXFileReference; lastKnownFileType = image.png; path = "Icon-App-76x76@2x.png"; sourceTree = "<group>"; };
		63CD311A1E21621400D68E85 /* Icon-App-76x76@3x.png */ = {isa = PBXFileReference; lastKnownFileType = image.png; path = "Icon-App-76x76@3x.png"; sourceTree = "<group>"; };
		63CD311B1E21621400D68E85 /* Icon-App-83.5x83.5@2x.png */ = {isa = PBXFileReference; lastKnownFileType = image.png; path = "Icon-App-83.5x83.5@2x.png"; sourceTree = "<group>"; };
		63CD311C1E21621400D68E85 /* Icon-Small-50x50@1x.png */ = {isa = PBXFileReference; lastKnownFileType = image.png; path = "Icon-Small-50x50@1x.png"; sourceTree = "<group>"; };
		63CD311D1E21621400D68E85 /* Icon-Small-50x50@2x.png */ = {isa = PBXFileReference; lastKnownFileType = image.png; path = "Icon-Small-50x50@2x.png"; sourceTree = "<group>"; };
		63CD311E1E21621400D68E85 /* iTunesArtwork@1x.png */ = {isa = PBXFileReference; lastKnownFileType = image.png; path = "iTunesArtwork@1x.png"; sourceTree = "<group>"; };
		63CD311F1E21621400D68E85 /* iTunesArtwork@2x.png */ = {isa = PBXFileReference; lastKnownFileType = image.png; path = "iTunesArtwork@2x.png"; sourceTree = "<group>"; };
		63CD31201E21621400D68E85 /* iTunesArtwork@3x.png */ = {isa = PBXFileReference; lastKnownFileType = image.png; path = "iTunesArtwork@3x.png"; sourceTree = "<group>"; };
		63EA5C511E285A9100681DAE /* InfoViewController.swift */ = {isa = PBXFileReference; fileEncoding = 4; lastKnownFileType = sourcecode.swift; path = InfoViewController.swift; sourceTree = "<group>"; };
		63EA5C531E286EE500681DAE /* FontRequestViewController.swift */ = {isa = PBXFileReference; fileEncoding = 4; lastKnownFileType = sourcecode.swift; path = FontRequestViewController.swift; sourceTree = "<group>"; };
/* End PBXFileReference section */

/* Begin PBXFrameworksBuildPhase section */
		63CD30DB1E20A1A700D68E85 /* Frameworks */ = {
			isa = PBXFrameworksBuildPhase;
			buildActionMask = 2147483647;
			files = (
				899D6A112804C7C9CF38B62E /* Pods_TOKYO.framework in Frameworks */,
			);
			runOnlyForDeploymentPostprocessing = 0;
		};
/* End PBXFrameworksBuildPhase section */

/* Begin PBXGroup section */
		63490FE71EDBB35200382703 /* Extension */ = {
			isa = PBXGroup;
			children = (
				633DBB671E5B407300F0B9AC /* CheckReachability.swift */,
				633DBB5F1E5B265B00F0B9AC /* StringExtension.swift */,
			);
			path = Extension;
			sourceTree = "<group>";
		};
		63490FE81EDBB4D900382703 /* Images */ = {
			isa = PBXGroup;
			children = (
				63CD30E81E20A1A700D68E85 /* Assets.xcassets */,
				63CD31051E21621300D68E85 /* IconImages */,
				63CD31031E215D6E00D68E85 /* TokyoLogo1.png */,
				633DBB5B1E5AE68A00F0B9AC /* blackHeart.png */,
				633DBB691E5B474500F0B9AC /* noInternet.png */,
				635786BD1E598F0100306B0A /* person_blue.png */,
				633DBB5C1E5AE68A00F0B9AC /* redHeart.png */,
				63CD30F51E20B53E00D68E85 /* sample2.jpg */,
			);
			path = Images;
			sourceTree = "<group>";
		};
		63490FE91EDBB5E400382703 /* FontSampleCollectionView */ = {
			isa = PBXGroup;
			children = (
				63CD30F71E21095800D68E85 /* FontSampleCollectionViewCell.swift */,
				63CD30F81E21095800D68E85 /* FontSampleCollectionViewCell.xib */,
			);
			path = FontSampleCollectionView;
			sourceTree = "<group>";
		};
		63490FEA1EDBB61900382703 /* InfoView */ = {
			isa = PBXGroup;
			children = (
				635786C11E5992C400306B0A /* AccountRegisterViewController.swift */,
				63EA5C531E286EE500681DAE /* FontRequestViewController.swift */,
				63EA5C511E285A9100681DAE /* InfoViewController.swift */,
				63CD09CE1E59AC5E0069C9B6 /* LoginViewController.swift */,
			);
			path = InfoView;
			sourceTree = "<group>";
		};
		63490FEB1EDBB63F00382703 /* PictureCollectionView */ = {
			isa = PBXGroup;
			children = (
				635786B31E54448100306B0A /* PictureCollectionViewCell.swift */,
				635786B41E54448100306B0A /* PictureCollectionViewCell.xib */,
			);
			path = PictureCollectionView;
			sourceTree = "<group>";
		};
		63490FEC1EDBB65100382703 /* PictureDetailCollectionView */ = {
			isa = PBXGroup;
			children = (
				635786B91E598D0F00306B0A /* PictureDetailCollectionViewCell.swift */,
				635786BA1E598D0F00306B0A /* PictureDetailCollectionViewCell.xib */,
			);
			path = PictureDetailCollectionView;
			sourceTree = "<group>";
		};
		63490FED1EDBB68400382703 /* Account */ = {
			isa = PBXGroup;
			children = (
				63CD09D01E59CA8B0069C9B6 /* UserDelegate.swift */,
			);
			path = Account;
			sourceTree = "<group>";
		};
		63490FEE1EDBB6C400382703 /* Model */ = {
			isa = PBXGroup;
			children = (
				635786BF1E59902A00306B0A /* PostModel.swift */,
				635786C31E5993F000306B0A /* UserModel.swift */,
			);
			path = Model;
			sourceTree = "<group>";
		};
		63490FF01EDBB75400382703 /* View */ = {
			isa = PBXGroup;
			children = (
				635786AF1E54435D00306B0A /* MakingView */,
				635786B01E54437900306B0A /* TimeLineView */,
				633DBB651E5B31F500F0B9AC /* TabBarController.swift */,
			);
			path = View;
			sourceTree = "<group>";
		};
		635786AF1E54435D00306B0A /* MakingView */ = {
			isa = PBXGroup;
			children = (
				63490FE91EDBB5E400382703 /* FontSampleCollectionView */,
				63490FEA1EDBB61900382703 /* InfoView */,
				63CD30E31E20A1A700D68E85 /* ViewController.swift */,
			);
			path = MakingView;
			sourceTree = "<group>";
		};
		635786B01E54437900306B0A /* TimeLineView */ = {
			isa = PBXGroup;
			children = (
				63490FEB1EDBB63F00382703 /* PictureCollectionView */,
				63490FEC1EDBB65100382703 /* PictureDetailCollectionView */,
				635786B11E54439800306B0A /* TimeLineViewController.swift */,
			);
			path = TimeLineView;
			sourceTree = "<group>";
		};
		63CD30D51E20A1A700D68E85 = {
			isa = PBXGroup;
			children = (
				8C25D083789C96BE0D39A7A8 /* Frameworks */,
				942E2E5E51A110F85B5ADD04 /* Pods */,
				63CD30DF1E20A1A700D68E85 /* Products */,
				63CD30E01E20A1A700D68E85 /* TOKYO */,
			);
			sourceTree = "<group>";
		};
		63CD30DF1E20A1A700D68E85 /* Products */ = {
			isa = PBXGroup;
			children = (
				63CD30DE1E20A1A700D68E85 /* TOKYO.app */,
			);
			name = Products;
			sourceTree = "<group>";
		};
		63CD30E01E20A1A700D68E85 /* TOKYO */ = {
			isa = PBXGroup;
			children = (
				63490FED1EDBB68400382703 /* Account */,
				63490FE71EDBB35200382703 /* Extension */,
				63490FE81EDBB4D900382703 /* Images */,
				63490FEE1EDBB6C400382703 /* Model */,
				63490FF01EDBB75400382703 /* View */,
				63CD30E11E20A1A700D68E85 /* AppDelegate.swift */,
				6376CF241E5BF104005E8F61 /* GoogleService-Info.plist */,
				63CD30ED1E20A1A700D68E85 /* Info.plist */,
				63CD30EA1E20A1A700D68E85 /* LaunchScreen.storyboard */,
				63CD30E51E20A1A700D68E85 /* Main.storyboard */,
				6376CF231E5BE258005E8F61 /* TOKYO.entitlements */,
			);
			path = TOKYO;
			sourceTree = "<group>";
		};
		63CD31051E21621300D68E85 /* IconImages */ = {
			isa = PBXGroup;
			children = (
				63CD31061E21621400D68E85 /* AppIcon.appiconset */,
				63CD311E1E21621400D68E85 /* iTunesArtwork@1x.png */,
				63CD311F1E21621400D68E85 /* iTunesArtwork@2x.png */,
				63CD31201E21621400D68E85 /* iTunesArtwork@3x.png */,
			);
			name = IconImages;
			path = ../IconImages;
			sourceTree = "<group>";
		};
		63CD31061E21621400D68E85 /* AppIcon.appiconset */ = {
			isa = PBXGroup;
			children = (
				63CD31071E21621400D68E85 /* Contents.json */,
				63CD31081E21621400D68E85 /* Icon-App-20x20@1x.png */,
				63CD31091E21621400D68E85 /* Icon-App-20x20@2x.png */,
				63CD310A1E21621400D68E85 /* Icon-App-20x20@3x.png */,
				63CD310B1E21621400D68E85 /* Icon-App-29x29@1x.png */,
				63CD310C1E21621400D68E85 /* Icon-App-29x29@2x.png */,
				63CD310D1E21621400D68E85 /* Icon-App-29x29@3x.png */,
				63CD310E1E21621400D68E85 /* Icon-App-40x40@1x.png */,
				63CD310F1E21621400D68E85 /* Icon-App-40x40@2x.png */,
				63CD31101E21621400D68E85 /* Icon-App-40x40@3x.png */,
				63CD31111E21621400D68E85 /* Icon-App-57x57@1x.png */,
				63CD31121E21621400D68E85 /* Icon-App-57x57@2x.png */,
				63CD31131E21621400D68E85 /* Icon-App-60x60@1x.png */,
				63CD31141E21621400D68E85 /* Icon-App-60x60@2x.png */,
				63CD31151E21621400D68E85 /* Icon-App-60x60@3x.png */,
				63CD31161E21621400D68E85 /* Icon-App-72x72@1x.png */,
				63CD31171E21621400D68E85 /* Icon-App-72x72@2x.png */,
				63CD31181E21621400D68E85 /* Icon-App-76x76@1x.png */,
				63CD31191E21621400D68E85 /* Icon-App-76x76@2x.png */,
				63CD311A1E21621400D68E85 /* Icon-App-76x76@3x.png */,
				63CD311B1E21621400D68E85 /* Icon-App-83.5x83.5@2x.png */,
				63CD311C1E21621400D68E85 /* Icon-Small-50x50@1x.png */,
				63CD311D1E21621400D68E85 /* Icon-Small-50x50@2x.png */,
			);
			path = AppIcon.appiconset;
			sourceTree = "<group>";
		};
		8C25D083789C96BE0D39A7A8 /* Frameworks */ = {
			isa = PBXGroup;
			children = (
				1BA0783DA674BE1CB30D4E41 /* Pods_TOKYO.framework */,
			);
			name = Frameworks;
			sourceTree = "<group>";
		};
		942E2E5E51A110F85B5ADD04 /* Pods */ = {
			isa = PBXGroup;
			children = (
				534E49F6D13585AA8FFED6C1 /* Pods-TOKYO.debug.xcconfig */,
				1CEACA8E796D915DEA6D842D /* Pods-TOKYO.release.xcconfig */,
			);
			name = Pods;
			sourceTree = "<group>";
		};
/* End PBXGroup section */

/* Begin PBXNativeTarget section */
		63CD30DD1E20A1A700D68E85 /* TOKYO */ = {
			isa = PBXNativeTarget;
			buildConfigurationList = 63CD30F01E20A1A700D68E85 /* Build configuration list for PBXNativeTarget "TOKYO" */;
			buildPhases = (
				B46DB4B1E96768E6A5C8C679 /* [CP] Check Pods Manifest.lock */,
				63CD30DA1E20A1A700D68E85 /* Sources */,
				63CD30DB1E20A1A700D68E85 /* Frameworks */,
				63CD30DC1E20A1A700D68E85 /* Resources */,
				0B72DB0073C646EAE3DC0FBF /* [CP] Embed Pods Frameworks */,
				D34B8BFC9A95BE1C10F19491 /* [CP] Copy Pods Resources */,
			);
			buildRules = (
			);
			dependencies = (
			);
			name = TOKYO;
			productName = TOKYO;
			productReference = 63CD30DE1E20A1A700D68E85 /* TOKYO.app */;
			productType = "com.apple.product-type.application";
		};
/* End PBXNativeTarget section */

/* Begin PBXProject section */
		63CD30D61E20A1A700D68E85 /* Project object */ = {
			isa = PBXProject;
			attributes = {
				LastSwiftUpdateCheck = 0820;
				LastUpgradeCheck = 0820;
				ORGANIZATIONNAME = "Wataru Inoue";
				TargetAttributes = {
					63CD30DD1E20A1A700D68E85 = {
						CreatedOnToolsVersion = 8.2;
						DevelopmentTeam = 44KX7M22LP;
						ProvisioningStyle = Automatic;
						SystemCapabilities = {
							com.apple.Push = {
								enabled = 1;
							};
						};
					};
				};
			};
			buildConfigurationList = 63CD30D91E20A1A700D68E85 /* Build configuration list for PBXProject "TOKYO" */;
			compatibilityVersion = "Xcode 3.2";
			developmentRegion = English;
			hasScannedForEncodings = 0;
			knownRegions = (
				en,
				Base,
			);
			mainGroup = 63CD30D51E20A1A700D68E85;
			productRefGroup = 63CD30DF1E20A1A700D68E85 /* Products */;
			projectDirPath = "";
			projectRoot = "";
			targets = (
				63CD30DD1E20A1A700D68E85 /* TOKYO */,
			);
		};
/* End PBXProject section */

/* Begin PBXResourcesBuildPhase section */
		63CD30DC1E20A1A700D68E85 /* Resources */ = {
			isa = PBXResourcesBuildPhase;
			buildActionMask = 2147483647;
			files = (
				63CD30EC1E20A1A700D68E85 /* LaunchScreen.storyboard in Resources */,
				633DBB6A1E5B474500F0B9AC /* noInternet.png in Resources */,
				63CD31041E215D6F00D68E85 /* TokyoLogo1.png in Resources */,
				633DBB5E1E5AE68A00F0B9AC /* redHeart.png in Resources */,
				63CD312C1E21621400D68E85 /* Icon-App-57x57@2x.png in Resources */,
				63CD31211E21621400D68E85 /* Contents.json in Resources */,
				63CD313A1E21621400D68E85 /* iTunesArtwork@3x.png in Resources */,
				635786BC1E598D0F00306B0A /* PictureDetailCollectionViewCell.xib in Resources */,
				63CD31221E21621400D68E85 /* Icon-App-20x20@1x.png in Resources */,
				63CD31251E21621400D68E85 /* Icon-App-29x29@1x.png in Resources */,
				63CD312E1E21621400D68E85 /* Icon-App-60x60@2x.png in Resources */,
				63CD31321E21621400D68E85 /* Icon-App-76x76@1x.png in Resources */,
				63CD31301E21621400D68E85 /* Icon-App-72x72@1x.png in Resources */,
				63CD31361E21621400D68E85 /* Icon-Small-50x50@1x.png in Resources */,
				63CD31351E21621400D68E85 /* Icon-App-83.5x83.5@2x.png in Resources */,
				63CD31281E21621400D68E85 /* Icon-App-40x40@1x.png in Resources */,
				63CD31271E21621400D68E85 /* Icon-App-29x29@3x.png in Resources */,
				63CD31391E21621400D68E85 /* iTunesArtwork@2x.png in Resources */,
				63CD31331E21621400D68E85 /* Icon-App-76x76@2x.png in Resources */,
				63CD30E91E20A1A700D68E85 /* Assets.xcassets in Resources */,
				63CD312D1E21621400D68E85 /* Icon-App-60x60@1x.png in Resources */,
				63CD30F61E20B53E00D68E85 /* sample2.jpg in Resources */,
				63CD31291E21621400D68E85 /* Icon-App-40x40@2x.png in Resources */,
				63CD31381E21621400D68E85 /* iTunesArtwork@1x.png in Resources */,
				63CD30E71E20A1A700D68E85 /* Main.storyboard in Resources */,
				63CD31261E21621400D68E85 /* Icon-App-29x29@2x.png in Resources */,
				6376CF251E5BF104005E8F61 /* GoogleService-Info.plist in Resources */,
				635786BE1E598F0100306B0A /* person_blue.png in Resources */,
				63CD30FA1E21095800D68E85 /* FontSampleCollectionViewCell.xib in Resources */,
				63CD312B1E21621400D68E85 /* Icon-App-57x57@1x.png in Resources */,
				633DBB5D1E5AE68A00F0B9AC /* blackHeart.png in Resources */,
				63CD31231E21621400D68E85 /* Icon-App-20x20@2x.png in Resources */,
				635786B61E54448100306B0A /* PictureCollectionViewCell.xib in Resources */,
				63CD312A1E21621400D68E85 /* Icon-App-40x40@3x.png in Resources */,
				63CD31311E21621400D68E85 /* Icon-App-72x72@2x.png in Resources */,
				63CD31341E21621400D68E85 /* Icon-App-76x76@3x.png in Resources */,
				63CD31371E21621400D68E85 /* Icon-Small-50x50@2x.png in Resources */,
				63CD312F1E21621400D68E85 /* Icon-App-60x60@3x.png in Resources */,
				63CD31241E21621400D68E85 /* Icon-App-20x20@3x.png in Resources */,
			);
			runOnlyForDeploymentPostprocessing = 0;
		};
/* End PBXResourcesBuildPhase section */

/* Begin PBXShellScriptBuildPhase section */
		0B72DB0073C646EAE3DC0FBF /* [CP] Embed Pods Frameworks */ = {
			isa = PBXShellScriptBuildPhase;
			buildActionMask = 2147483647;
			files = (
			);
			inputPaths = (
			);
			name = "[CP] Embed Pods Frameworks";
			outputPaths = (
			);
			runOnlyForDeploymentPostprocessing = 0;
			shellPath = /bin/sh;
			shellScript = "\"${SRCROOT}/Pods/Target Support Files/Pods-TOKYO/Pods-TOKYO-frameworks.sh\"\n";
			showEnvVarsInLog = 0;
		};
		B46DB4B1E96768E6A5C8C679 /* [CP] Check Pods Manifest.lock */ = {
			isa = PBXShellScriptBuildPhase;
			buildActionMask = 2147483647;
			files = (
			);
			inputPaths = (
			);
			name = "[CP] Check Pods Manifest.lock";
			outputPaths = (
			);
			runOnlyForDeploymentPostprocessing = 0;
			shellPath = /bin/sh;
			shellScript = "diff \"${PODS_ROOT}/../Podfile.lock\" \"${PODS_ROOT}/Manifest.lock\" > /dev/null\nif [ $? != 0 ] ; then\n    # print error to STDERR\n    echo \"error: The sandbox is not in sync with the Podfile.lock. Run 'pod install' or update your CocoaPods installation.\" >&2\n    exit 1\nfi\n";
			showEnvVarsInLog = 0;
		};
		D34B8BFC9A95BE1C10F19491 /* [CP] Copy Pods Resources */ = {
			isa = PBXShellScriptBuildPhase;
			buildActionMask = 2147483647;
			files = (
			);
			inputPaths = (
			);
			name = "[CP] Copy Pods Resources";
			outputPaths = (
			);
			runOnlyForDeploymentPostprocessing = 0;
			shellPath = /bin/sh;
			shellScript = "\"${SRCROOT}/Pods/Target Support Files/Pods-TOKYO/Pods-TOKYO-resources.sh\"\n";
			showEnvVarsInLog = 0;
		};
/* End PBXShellScriptBuildPhase section */

/* Begin PBXSourcesBuildPhase section */
		63CD30DA1E20A1A700D68E85 /* Sources */ = {
			isa = PBXSourcesBuildPhase;
			buildActionMask = 2147483647;
			files = (
				63CD09CF1E59AC5E0069C9B6 /* LoginViewController.swift in Sources */,
				633DBB681E5B407300F0B9AC /* CheckReachability.swift in Sources */,
				635786B51E54448100306B0A /* PictureCollectionViewCell.swift in Sources */,
				63CD30E41E20A1A700D68E85 /* ViewController.swift in Sources */,
				633DBB661E5B31F500F0B9AC /* TabBarController.swift in Sources */,
				63CD30E21E20A1A700D68E85 /* AppDelegate.swift in Sources */,
				63CD09D11E59CA8B0069C9B6 /* UserDelegate.swift in Sources */,
				63EA5C521E285A9100681DAE /* InfoViewController.swift in Sources */,
				63CD30F91E21095800D68E85 /* FontSampleCollectionViewCell.swift in Sources */,
				635786C21E5992C400306B0A /* AccountRegisterViewController.swift in Sources */,
				633DBB601E5B265B00F0B9AC /* StringExtension.swift in Sources */,
				63EA5C541E286EE500681DAE /* FontRequestViewController.swift in Sources */,
				635786BB1E598D0F00306B0A /* PictureDetailCollectionViewCell.swift in Sources */,
				635786B21E54439800306B0A /* TimeLineViewController.swift in Sources */,
				635786C01E59902A00306B0A /* PostModel.swift in Sources */,
				635786C41E5993F000306B0A /* UserModel.swift in Sources */,
			);
			runOnlyForDeploymentPostprocessing = 0;
		};
/* End PBXSourcesBuildPhase section */

/* Begin PBXVariantGroup section */
		63CD30E51E20A1A700D68E85 /* Main.storyboard */ = {
			isa = PBXVariantGroup;
			children = (
				63CD30E61E20A1A700D68E85 /* Base */,
			);
			name = Main.storyboard;
			path = .;
			sourceTree = "<group>";
		};
		63CD30EA1E20A1A700D68E85 /* LaunchScreen.storyboard */ = {
			isa = PBXVariantGroup;
			children = (
				63CD30EB1E20A1A700D68E85 /* Base */,
			);
			name = LaunchScreen.storyboard;
			path = .;
			sourceTree = "<group>";
		};
/* End PBXVariantGroup section */

/* Begin XCBuildConfiguration section */
		63CD30EE1E20A1A700D68E85 /* Debug */ = {
			isa = XCBuildConfiguration;
			buildSettings = {
				ALWAYS_SEARCH_USER_PATHS = NO;
				CLANG_ANALYZER_NONNULL = YES;
				CLANG_CXX_LANGUAGE_STANDARD = "gnu++0x";
				CLANG_CXX_LIBRARY = "libc++";
				CLANG_ENABLE_MODULES = YES;
				CLANG_ENABLE_OBJC_ARC = YES;
				CLANG_WARN_BOOL_CONVERSION = YES;
				CLANG_WARN_CONSTANT_CONVERSION = YES;
				CLANG_WARN_DIRECT_OBJC_ISA_USAGE = YES_ERROR;
				CLANG_WARN_DOCUMENTATION_COMMENTS = YES;
				CLANG_WARN_EMPTY_BODY = YES;
				CLANG_WARN_ENUM_CONVERSION = YES;
				CLANG_WARN_INFINITE_RECURSION = YES;
				CLANG_WARN_INT_CONVERSION = YES;
				CLANG_WARN_OBJC_ROOT_CLASS = YES_ERROR;
				CLANG_WARN_SUSPICIOUS_MOVE = YES;
				CLANG_WARN_UNREACHABLE_CODE = YES;
				CLANG_WARN__DUPLICATE_METHOD_MATCH = YES;
				CODE_SIGN_IDENTITY = "iPhone Distribution: Wataru Inoue (44KX7M22LP)";
				"CODE_SIGN_IDENTITY[sdk=iphoneos*]" = "iPhone Developer";
				COPY_PHASE_STRIP = NO;
				DEBUG_INFORMATION_FORMAT = dwarf;
				DEVELOPMENT_TEAM = 44KX7M22LP;
				ENABLE_STRICT_OBJC_MSGSEND = YES;
				ENABLE_TESTABILITY = YES;
				GCC_C_LANGUAGE_STANDARD = gnu99;
				GCC_DYNAMIC_NO_PIC = NO;
				GCC_NO_COMMON_BLOCKS = YES;
				GCC_OPTIMIZATION_LEVEL = 0;
				GCC_PREPROCESSOR_DEFINITIONS = (
					"DEBUG=1",
					"$(inherited)",
				);
				GCC_WARN_64_TO_32_BIT_CONVERSION = YES;
				GCC_WARN_ABOUT_RETURN_TYPE = YES_ERROR;
				GCC_WARN_UNDECLARED_SELECTOR = YES;
				GCC_WARN_UNINITIALIZED_AUTOS = YES_AGGRESSIVE;
				GCC_WARN_UNUSED_FUNCTION = YES;
				GCC_WARN_UNUSED_VARIABLE = YES;
				IPHONEOS_DEPLOYMENT_TARGET = 9.0;
				MTL_ENABLE_DEBUG_INFO = YES;
				ONLY_ACTIVE_ARCH = YES;
				PROVISIONING_PROFILE = "";
				PROVISIONING_PROFILE_SPECIFIER = "";
				SDKROOT = iphoneos;
				SWIFT_ACTIVE_COMPILATION_CONDITIONS = DEBUG;
				SWIFT_OPTIMIZATION_LEVEL = "-Onone";
			};
			name = Debug;
		};
		63CD30EF1E20A1A700D68E85 /* Release */ = {
			isa = XCBuildConfiguration;
			buildSettings = {
				ALWAYS_SEARCH_USER_PATHS = NO;
				CLANG_ANALYZER_NONNULL = YES;
				CLANG_CXX_LANGUAGE_STANDARD = "gnu++0x";
				CLANG_CXX_LIBRARY = "libc++";
				CLANG_ENABLE_MODULES = YES;
				CLANG_ENABLE_OBJC_ARC = YES;
				CLANG_WARN_BOOL_CONVERSION = YES;
				CLANG_WARN_CONSTANT_CONVERSION = YES;
				CLANG_WARN_DIRECT_OBJC_ISA_USAGE = YES_ERROR;
				CLANG_WARN_DOCUMENTATION_COMMENTS = YES;
				CLANG_WARN_EMPTY_BODY = YES;
				CLANG_WARN_ENUM_CONVERSION = YES;
				CLANG_WARN_INFINITE_RECURSION = YES;
				CLANG_WARN_INT_CONVERSION = YES;
				CLANG_WARN_OBJC_ROOT_CLASS = YES_ERROR;
				CLANG_WARN_SUSPICIOUS_MOVE = YES;
				CLANG_WARN_UNREACHABLE_CODE = YES;
				CLANG_WARN__DUPLICATE_METHOD_MATCH = YES;
				CODE_SIGN_IDENTITY = "iPhone Distribution: Wataru Inoue (44KX7M22LP)";
				"CODE_SIGN_IDENTITY[sdk=iphoneos*]" = "iPhone Distribution: Wataru Inoue (44KX7M22LP)";
				COPY_PHASE_STRIP = NO;
				DEBUG_INFORMATION_FORMAT = "dwarf-with-dsym";
				DEVELOPMENT_TEAM = 44KX7M22LP;
				ENABLE_NS_ASSERTIONS = NO;
				ENABLE_STRICT_OBJC_MSGSEND = YES;
				GCC_C_LANGUAGE_STANDARD = gnu99;
				GCC_NO_COMMON_BLOCKS = YES;
				GCC_WARN_64_TO_32_BIT_CONVERSION = YES;
				GCC_WARN_ABOUT_RETURN_TYPE = YES_ERROR;
				GCC_WARN_UNDECLARED_SELECTOR = YES;
				GCC_WARN_UNINITIALIZED_AUTOS = YES_AGGRESSIVE;
				GCC_WARN_UNUSED_FUNCTION = YES;
				GCC_WARN_UNUSED_VARIABLE = YES;
				IPHONEOS_DEPLOYMENT_TARGET = 9.0;
				MTL_ENABLE_DEBUG_INFO = NO;
				PROVISIONING_PROFILE = "";
				PROVISIONING_PROFILE_SPECIFIER = "";
				SDKROOT = iphoneos;
				SWIFT_OPTIMIZATION_LEVEL = "-Owholemodule";
				VALIDATE_PRODUCT = YES;
			};
			name = Release;
		};
		63CD30F11E20A1A700D68E85 /* Debug */ = {
			isa = XCBuildConfiguration;
			baseConfigurationReference = 534E49F6D13585AA8FFED6C1 /* Pods-TOKYO.debug.xcconfig */;
			buildSettings = {
				ASSETCATALOG_COMPILER_APPICON_NAME = AppIcon;
				CODE_SIGN_ENTITLEMENTS = TOKYO/TOKYO.entitlements;
				CODE_SIGN_IDENTITY = "iPhone Developer";
				"CODE_SIGN_IDENTITY[sdk=iphoneos*]" = "iPhone Developer";
				DEVELOPMENT_TEAM = 44KX7M22LP;
				FRAMEWORK_SEARCH_PATHS = (
					"$(inherited)",
					"$(PROJECT_DIR)",
				);
				INFOPLIST_FILE = TOKYO/Info.plist;
				IPHONEOS_DEPLOYMENT_TARGET = 9.0;
				LD_RUNPATH_SEARCH_PATHS = "$(inherited) @executable_path/Frameworks";
				PRODUCT_BUNDLE_IDENTIFIER = com.inocci.TOKYO;
				PRODUCT_NAME = "$(TARGET_NAME)";
				PROVISIONING_PROFILE = "";
				SWIFT_VERSION = 3.0;
				TARGETED_DEVICE_FAMILY = "1,2";
			};
			name = Debug;
		};
		63CD30F21E20A1A700D68E85 /* Release */ = {
			isa = XCBuildConfiguration;
			baseConfigurationReference = 1CEACA8E796D915DEA6D842D /* Pods-TOKYO.release.xcconfig */;
			buildSettings = {
				ASSETCATALOG_COMPILER_APPICON_NAME = AppIcon;
				CODE_SIGN_ENTITLEMENTS = TOKYO/TOKYO.entitlements;
				CODE_SIGN_IDENTITY = "iPhone Developer";
				"CODE_SIGN_IDENTITY[sdk=iphoneos*]" = "iPhone Developer";
				DEVELOPMENT_TEAM = 44KX7M22LP;
				FRAMEWORK_SEARCH_PATHS = (
					"$(inherited)",
					"$(PROJECT_DIR)",
				);
				INFOPLIST_FILE = TOKYO/Info.plist;
				IPHONEOS_DEPLOYMENT_TARGET = 9.0;
				LD_RUNPATH_SEARCH_PATHS = "$(inherited) @executable_path/Frameworks";
				PRODUCT_BUNDLE_IDENTIFIER = com.inocci.TOKYO;
				PRODUCT_NAME = "$(TARGET_NAME)";
				PROVISIONING_PROFILE = "";
				SWIFT_VERSION = 3.0;
				TARGETED_DEVICE_FAMILY = "1,2";
			};
			name = Release;
		};
/* End XCBuildConfiguration section */

/* Begin XCConfigurationList section */
		63CD30D91E20A1A700D68E85 /* Build configuration list for PBXProject "TOKYO" */ = {
			isa = XCConfigurationList;
			buildConfigurations = (
				63CD30EE1E20A1A700D68E85 /* Debug */,
				63CD30EF1E20A1A700D68E85 /* Release */,
			);
			defaultConfigurationIsVisible = 0;
			defaultConfigurationName = Release;
		};
		63CD30F01E20A1A700D68E85 /* Build configuration list for PBXNativeTarget "TOKYO" */ = {
			isa = XCConfigurationList;
			buildConfigurations = (
				63CD30F11E20A1A700D68E85 /* Debug */,
				63CD30F21E20A1A700D68E85 /* Release */,
			);
			defaultConfigurationIsVisible = 0;
			defaultConfigurationName = Release;
		};
/* End XCConfigurationList section */
	};
	rootObject = 63CD30D61E20A1A700D68E85 /* Project object */;
}
